// !$*UTF8*$!
{
	archiveVersion = 1;
	classes = {
	};
	objectVersion = 50;
	objects = {

/* Begin PBXBuildFile section */
		3400B78521AC12EF00CBDE6D /* AppDelegate.swift in Sources */ = {isa = PBXBuildFile; fileRef = 3400B78421AC12EF00CBDE6D /* AppDelegate.swift */; };
		3400B78721AC12EF00CBDE6D /* TodoListViewController.swift in Sources */ = {isa = PBXBuildFile; fileRef = 3400B78621AC12EF00CBDE6D /* TodoListViewController.swift */; };
		3400B78A21AC12EF00CBDE6D /* Main.storyboard in Resources */ = {isa = PBXBuildFile; fileRef = 3400B78821AC12EF00CBDE6D /* Main.storyboard */; };
		3400B78C21AC12F200CBDE6D /* Assets.xcassets in Resources */ = {isa = PBXBuildFile; fileRef = 3400B78B21AC12F200CBDE6D /* Assets.xcassets */; };
		3400B78F21AC12F200CBDE6D /* LaunchScreen.storyboard in Resources */ = {isa = PBXBuildFile; fileRef = 3400B78D21AC12F200CBDE6D /* LaunchScreen.storyboard */; };
		347E864821B69FBF00D4112B /* CategoryViewController.swift in Sources */ = {isa = PBXBuildFile; fileRef = 347E864721B69FBF00D4112B /* CategoryViewController.swift */; };
		34BCEF5021B4F083000E1AA0 /* DataModel.xcdatamodeld in Sources */ = {isa = PBXBuildFile; fileRef = 34BCEF4E21B4F083000E1AA0 /* DataModel.xcdatamodeld */; };
/* End PBXBuildFile section */

/* Begin PBXFileReference section */
		3400B78121AC12EF00CBDE6D /* Todoey.app */ = {isa = PBXFileReference; explicitFileType = wrapper.application; includeInIndex = 0; path = Todoey.app; sourceTree = BUILT_PRODUCTS_DIR; };
		3400B78421AC12EF00CBDE6D /* AppDelegate.swift */ = {isa = PBXFileReference; lastKnownFileType = sourcecode.swift; path = AppDelegate.swift; sourceTree = "<group>"; };
		3400B78621AC12EF00CBDE6D /* TodoListViewController.swift */ = {isa = PBXFileReference; lastKnownFileType = sourcecode.swift; path = TodoListViewController.swift; sourceTree = "<group>"; };
		3400B78921AC12EF00CBDE6D /* Base */ = {isa = PBXFileReference; lastKnownFileType = file.storyboard; name = Base; path = Base.lproj/Main.storyboard; sourceTree = "<group>"; };
		3400B78B21AC12F200CBDE6D /* Assets.xcassets */ = {isa = PBXFileReference; lastKnownFileType = folder.assetcatalog; path = Assets.xcassets; sourceTree = "<group>"; };
		3400B78E21AC12F200CBDE6D /* Base */ = {isa = PBXFileReference; lastKnownFileType = file.storyboard; name = Base; path = Base.lproj/LaunchScreen.storyboard; sourceTree = "<group>"; };
		3400B79021AC12F200CBDE6D /* Info.plist */ = {isa = PBXFileReference; lastKnownFileType = text.plist.xml; path = Info.plist; sourceTree = "<group>"; };
		347E864721B69FBF00D4112B /* CategoryViewController.swift */ = {isa = PBXFileReference; lastKnownFileType = sourcecode.swift; path = CategoryViewController.swift; sourceTree = "<group>"; };
		34BCEF4F21B4F083000E1AA0 /* DataModel.xcdatamodel */ = {isa = PBXFileReference; lastKnownFileType = wrapper.xcdatamodel; path = DataModel.xcdatamodel; sourceTree = "<group>"; };
/* End PBXFileReference section */

/* Begin PBXFrameworksBuildPhase section */
		3400B77E21AC12EF00CBDE6D /* Frameworks */ = {
			isa = PBXFrameworksBuildPhase;
			buildActionMask = 2147483647;
			files = (
			);
			runOnlyForDeploymentPostprocessing = 0;
		};
/* End PBXFrameworksBuildPhase section */

/* Begin PBXGroup section */
		3400B77821AC12EF00CBDE6D = {
			isa = PBXGroup;
			children = (
				3400B78321AC12EF00CBDE6D /* Todoey */,
				3400B78221AC12EF00CBDE6D /* Products */,
			);
			sourceTree = "<group>";
		};
		3400B78221AC12EF00CBDE6D /* Products */ = {
			isa = PBXGroup;
			children = (
				3400B78121AC12EF00CBDE6D /* Todoey.app */,
			);
			name = Products;
			sourceTree = "<group>";
		};
		3400B78321AC12EF00CBDE6D /* Todoey */ = {
			isa = PBXGroup;
			children = (
				340E9FA421AFC32600273FCB /* Data Model */,
				340E9FA721AFD5A200273FCB /* Controllers */,
				340E9FA821AFD5C400273FCB /* Views */,
				340E9FA921AFD5E600273FCB /* Supporting Files */,
				3400B79021AC12F200CBDE6D /* Info.plist */,
				3400B78421AC12EF00CBDE6D /* AppDelegate.swift */,
			);
			path = Todoey;
			sourceTree = "<group>";
		};
		340E9FA421AFC32600273FCB /* Data Model */ = {
			isa = PBXGroup;
			children = (
				34BCEF4E21B4F083000E1AA0 /* DataModel.xcdatamodeld */,
			);
			path = "Data Model";
			sourceTree = "<group>";
		};
		340E9FA721AFD5A200273FCB /* Controllers */ = {
			isa = PBXGroup;
			children = (
				3400B78621AC12EF00CBDE6D /* TodoListViewController.swift */,
				347E864721B69FBF00D4112B /* CategoryViewController.swift */,
			);
			path = Controllers;
			sourceTree = "<group>";
		};
		340E9FA821AFD5C400273FCB /* Views */ = {
			isa = PBXGroup;
			children = (
				3400B78821AC12EF00CBDE6D /* Main.storyboard */,
			);
			path = Views;
			sourceTree = "<group>";
		};
		340E9FA921AFD5E600273FCB /* Supporting Files */ = {
			isa = PBXGroup;
			children = (
				3400B78B21AC12F200CBDE6D /* Assets.xcassets */,
				3400B78D21AC12F200CBDE6D /* LaunchScreen.storyboard */,
			);
			path = "Supporting Files";
			sourceTree = "<group>";
		};
/* End PBXGroup section */

/* Begin PBXNativeTarget section */
		3400B78021AC12EF00CBDE6D /* Todoey */ = {
			isa = PBXNativeTarget;
			buildConfigurationList = 3400B79321AC12F200CBDE6D /* Build configuration list for PBXNativeTarget "Todoey" */;
			buildPhases = (
				3400B77D21AC12EF00CBDE6D /* Sources */,
				3400B77E21AC12EF00CBDE6D /* Frameworks */,
				3400B77F21AC12EF00CBDE6D /* Resources */,
			);
			buildRules = (
			);
			dependencies = (
			);
			name = Todoey;
			productName = Todoey;
			productReference = 3400B78121AC12EF00CBDE6D /* Todoey.app */;
			productType = "com.apple.product-type.application";
		};
/* End PBXNativeTarget section */

/* Begin PBXProject section */
		3400B77921AC12EF00CBDE6D /* Project object */ = {
			isa = PBXProject;
			attributes = {
				LastSwiftUpdateCheck = 1010;
				LastUpgradeCheck = 1010;
				ORGANIZATIONNAME = SweetGodzillas;
				TargetAttributes = {
					3400B78021AC12EF00CBDE6D = {
						CreatedOnToolsVersion = 10.1;
					};
				};
			};
			buildConfigurationList = 3400B77C21AC12EF00CBDE6D /* Build configuration list for PBXProject "Todoey" */;
			compatibilityVersion = "Xcode 9.3";
			developmentRegion = en;
			hasScannedForEncodings = 0;
			knownRegions = (
				en,
				Base,
			);
			mainGroup = 3400B77821AC12EF00CBDE6D;
			productRefGroup = 3400B78221AC12EF00CBDE6D /* Products */;
			projectDirPath = "";
			projectRoot = "";
			targets = (
				3400B78021AC12EF00CBDE6D /* Todoey */,
			);
		};
/* End PBXProject section */

/* Begin PBXResourcesBuildPhase section */
		3400B77F21AC12EF00CBDE6D /* Resources */ = {
			isa = PBXResourcesBuildPhase;
			buildActionMask = 2147483647;
			files = (
				3400B78F21AC12F200CBDE6D /* LaunchScreen.storyboard in Resources */,
				3400B78C21AC12F200CBDE6D /* Assets.xcassets in Resources */,
				3400B78A21AC12EF00CBDE6D /* Main.storyboard in Resources */,
			);
			runOnlyForDeploymentPostprocessing = 0;
		};
/* End PBXResourcesBuildPhase section */

/* Begin PBXSourcesBuildPhase section */
		3400B77D21AC12EF00CBDE6D /* Sources */ = {
			isa = PBXSourcesBuildPhase;
			buildActionMask = 2147483647;
			files = (
				347E864821B69FBF00D4112B /* CategoryViewController.swift in Sources */,
				3400B78721AC12EF00CBDE6D /* TodoListViewController.swift in Sources */,
				34BCEF5021B4F083000E1AA0 /* DataModel.xcdatamodeld in Sources */,
				3400B78521AC12EF00CBDE6D /* AppDelegate.swift in Sources */,
			);
			runOnlyForDeploymentPostprocessing = 0;
		};
/* End PBXSourcesBuildPhase section */

/* Begin PBXVariantGroup section */
		3400B78821AC12EF00CBDE6D /* Main.storyboard */ = {
			isa = PBXVariantGroup;
			children = (
				3400B78921AC12EF00CBDE6D /* Base */,
			);
			name = Main.storyboard;
			sourceTree = "<group>";
		};
		3400B78D21AC12F200CBDE6D /* LaunchScreen.storyboard */ = {
			isa = PBXVariantGroup;
			children = (
				3400B78E21AC12F200CBDE6D /* Base */,
			);
			name = LaunchScreen.storyboard;
			sourceTree = "<group>";
		};
/* End PBXVariantGroup section */

/* Begin XCBuildConfiguration section */
		3400B79121AC12F200CBDE6D /* Debug */ = {
			isa = XCBuildConfiguration;
			buildSettings = {
				ALWAYS_SEARCH_USER_PATHS = NO;
				CLANG_ANALYZER_NONNULL = YES;
				CLANG_ANALYZER_NUMBER_OBJECT_CONVERSION = YES_AGGRESSIVE;
				CLANG_CXX_LANGUAGE_STANDARD = "gnu++14";
				CLANG_CXX_LIBRARY = "libc++";
				CLANG_ENABLE_MODULES = YES;
				CLANG_ENABLE_OBJC_ARC = YES;
				CLANG_ENABLE_OBJC_WEAK = YES;
				CLANG_WARN_BLOCK_CAPTURE_AUTORELEASING = YES;
				CLANG_WARN_BOOL_CONVERSION = YES;
				CLANG_WARN_COMMA = YES;
				CLANG_WARN_CONSTANT_CONVERSION = YES;
				CLANG_WARN_DEPRECATED_OBJC_IMPLEMENTATIONS = YES;
				CLANG_WARN_DIRECT_OBJC_ISA_USAGE = YES_ERROR;
				CLANG_WARN_DOCUMENTATION_COMMENTS = YES;
				CLANG_WARN_EMPTY_BODY = YES;
				CLANG_WARN_ENUM_CONVERSION = YES;
				CLANG_WARN_INFINITE_RECURSION = YES;
				CLANG_WARN_INT_CONVERSION = YES;
				CLANG_WARN_NON_LITERAL_NULL_CONVERSION = YES;
				CLANG_WARN_OBJC_IMPLICIT_RETAIN_SELF = YES;
				CLANG_WARN_OBJC_LITERAL_CONVERSION = YES;
				CLANG_WARN_OBJC_ROOT_CLASS = YES_ERROR;
				CLANG_WARN_RANGE_LOOP_ANALYSIS = YES;
				CLANG_WARN_STRICT_PROTOTYPES = YES;
				CLANG_WARN_SUSPICIOUS_MOVE = YES;
				CLANG_WARN_UNGUARDED_AVAILABILITY = YES_AGGRESSIVE;
				CLANG_WARN_UNREACHABLE_CODE = YES;
				CLANG_WARN__DUPLICATE_METHOD_MATCH = YES;
				CODE_SIGN_IDENTITY = "iPhone Developer";
				COPY_PHASE_STRIP = NO;
				DEBUG_INFORMATION_FORMAT = dwarf;
				ENABLE_STRICT_OBJC_MSGSEND = YES;
				ENABLE_TESTABILITY = YES;
				GCC_C_LANGUAGE_STANDARD = gnu11;
				GCC_DYNAMIC_NO_PIC = NO;
				GCC_NO_COMMON_BLOCKS = YES;
				GCC_OPTIMIZATION_LEVEL = 0;
				GCC_PREPROCESSOR_DEFINITIONS = (
					"DEBUG=1",
					"$(inherited)",
				);
				GCC_WARN_64_TO_32_BIT_CONVERSION = YES;
				GCC_WARN_ABOUT_RETURN_TYPE = YES_ERROR;
				GCC_WARN_UNDECLARED_SELECTOR = YES;
				GCC_WARN_UNINITIALIZED_AUTOS = YES_AGGRESSIVE;
				GCC_WARN_UNUSED_FUNCTION = YES;
				GCC_WARN_UNUSED_VARIABLE = YES;
				IPHONEOS_DEPLOYMENT_TARGET = 12.1;
				MTL_ENABLE_DEBUG_INFO = INCLUDE_SOURCE;
				MTL_FAST_MATH = YES;
				ONLY_ACTIVE_ARCH = YES;
				SDKROOT = iphoneos;
				SWIFT_ACTIVE_COMPILATION_CONDITIONS = DEBUG;
				SWIFT_OPTIMIZATION_LEVEL = "-Onone";
			};
			name = Debug;
		};
		3400B79221AC12F200CBDE6D /* Release */ = {
			isa = XCBuildConfiguration;
			buildSettings = {
				ALWAYS_SEARCH_USER_PATHS = NO;
				CLANG_ANALYZER_NONNULL = YES;
				CLANG_ANALYZER_NUMBER_OBJECT_CONVERSION = YES_AGGRESSIVE;
				CLANG_CXX_LANGUAGE_STANDARD = "gnu++14";
				CLANG_CXX_LIBRARY = "libc++";
				CLANG_ENABLE_MODULES = YES;
				CLANG_ENABLE_OBJC_ARC = YES;
				CLANG_ENABLE_OBJC_WEAK = YES;
				CLANG_WARN_BLOCK_CAPTURE_AUTORELEASING = YES;
				CLANG_WARN_BOOL_CONVERSION = YES;
				CLANG_WARN_COMMA = YES;
				CLANG_WARN_CONSTANT_CONVERSION = YES;
				CLANG_WARN_DEPRECATED_OBJC_IMPLEMENTATIONS = YES;
				CLANG_WARN_DIRECT_OBJC_ISA_USAGE = YES_ERROR;
				CLANG_WARN_DOCUMENTATION_COMMENTS = YES;
				CLANG_WARN_EMPTY_BODY = YES;
				CLANG_WARN_ENUM_CONVERSION = YES;
				CLANG_WARN_INFINITE_RECURSION = YES;
				CLANG_WARN_INT_CONVERSION = YES;
				CLANG_WARN_NON_LITERAL_NULL_CONVERSION = YES;
				CLANG_WARN_OBJC_IMPLICIT_RETAIN_SELF = YES;
				CLANG_WARN_OBJC_LITERAL_CONVERSION = YES;
				CLANG_WARN_OBJC_ROOT_CLASS = YES_ERROR;
				CLANG_WARN_RANGE_LOOP_ANALYSIS = YES;
				CLANG_WARN_STRICT_PROTOTYPES = YES;
				CLANG_WARN_SUSPICIOUS_MOVE = YES;
				CLANG_WARN_UNGUARDED_AVAILABILITY = YES_AGGRESSIVE;
				CLANG_WARN_UNREACHABLE_CODE = YES;
				CLANG_WARN__DUPLICATE_METHOD_MATCH = YES;
				CODE_SIGN_IDENTITY = "iPhone Developer";
				COPY_PHASE_STRIP = NO;
				DEBUG_INFORMATION_FORMAT = "dwarf-with-dsym";
				ENABLE_NS_ASSERTIONS = NO;
				ENABLE_STRICT_OBJC_MSGSEND = YES;
				GCC_C_LANGUAGE_STANDARD = gnu11;
				GCC_NO_COMMON_BLOCKS = YES;
				GCC_WARN_64_TO_32_BIT_CONVERSION = YES;
				GCC_WARN_ABOUT_RETURN_TYPE = YES_ERROR;
				GCC_WARN_UNDECLARED_SELECTOR = YES;
				GCC_WARN_UNINITIALIZED_AUTOS = YES_AGGRESSIVE;
				GCC_WARN_UNUSED_FUNCTION = YES;
				GCC_WARN_UNUSED_VARIABLE = YES;
				IPHONEOS_DEPLOYMENT_TARGET = 12.1;
				MTL_ENABLE_DEBUG_INFO = NO;
				MTL_FAST_MATH = YES;
				SDKROOT = iphoneos;
				SWIFT_COMPILATION_MODE = wholemodule;
				SWIFT_OPTIMIZATION_LEVEL = "-O";
				VALIDATE_PRODUCT = YES;
			};
			name = Release;
		};
		3400B79421AC12F200CBDE6D /* Debug */ = {
			isa = XCBuildConfiguration;
			buildSettings = {
				ASSETCATALOG_COMPILER_APPICON_NAME = AppIcon;
				CODE_SIGN_STYLE = Automatic;
				DEVELOPMENT_TEAM = 9RYQBV3FAC;
				INFOPLIST_FILE = Todoey/Info.plist;
				LD_RUNPATH_SEARCH_PATHS = (
					"$(inherited)",
					"@executable_path/Frameworks",
				);
				PRODUCT_BUNDLE_IDENTIFIER = com.communicateforms.sweetgodzillas.Todoey;
				PRODUCT_NAME = "$(TARGET_NAME)";
				SWIFT_VERSION = 4.2;
				TARGETED_DEVICE_FAMILY = "1,2";
			};
			name = Debug;
		};
		3400B79521AC12F200CBDE6D /* Release */ = {
			isa = XCBuildConfiguration;
			buildSettings = {
				ASSETCATALOG_COMPILER_APPICON_NAME = AppIcon;
				CODE_SIGN_STYLE = Automatic;
				DEVELOPMENT_TEAM = 9RYQBV3FAC;
				INFOPLIST_FILE = Todoey/Info.plist;
				LD_RUNPATH_SEARCH_PATHS = (
					"$(inherited)",
					"@executable_path/Frameworks",
				);
				PRODUCT_BUNDLE_IDENTIFIER = com.communicateforms.sweetgodzillas.Todoey;
				PRODUCT_NAME = "$(TARGET_NAME)";
				SWIFT_VERSION = 4.2;
				TARGETED_DEVICE_FAMILY = "1,2";
			};
			name = Release;
		};
/* End XCBuildConfiguration section */

/* Begin XCConfigurationList section */
		3400B77C21AC12EF00CBDE6D /* Build configuration list for PBXProject "Todoey" */ = {
			isa = XCConfigurationList;
			buildConfigurations = (
				3400B79121AC12F200CBDE6D /* Debug */,
				3400B79221AC12F200CBDE6D /* Release */,
			);
			defaultConfigurationIsVisible = 0;
			defaultConfigurationName = Release;
		};
		3400B79321AC12F200CBDE6D /* Build configuration list for PBXNativeTarget "Todoey" */ = {
			isa = XCConfigurationList;
			buildConfigurations = (
				3400B79421AC12F200CBDE6D /* Debug */,
				3400B79521AC12F200CBDE6D /* Release */,
			);
			defaultConfigurationIsVisible = 0;
			defaultConfigurationName = Release;
		};
/* End XCConfigurationList section */

/* Begin XCVersionGroup section */
		34BCEF4E21B4F083000E1AA0 /* DataModel.xcdatamodeld */ = {
			isa = XCVersionGroup;
			children = (
				34BCEF4F21B4F083000E1AA0 /* DataModel.xcdatamodel */,
			);
			currentVersion = 34BCEF4F21B4F083000E1AA0 /* DataModel.xcdatamodel */;
			path = DataModel.xcdatamodeld;
			sourceTree = "<group>";
			versionGroupType = wrapper.xcdatamodel;
		};
/* End XCVersionGroup section */
	};
	rootObject = 3400B77921AC12EF00CBDE6D /* Project object */;
}
